// !$*UTF8*$!
{
	archiveVersion = 1;
	classes = {
	};
	objectVersion = 46;
	objects = {

/* Begin PBXBuildFile section */
		83281D141C3C32E0008ECC58 /* libopencv_ml.3.0.0.dylib in Frameworks */ = {isa = PBXBuildFile; fileRef = 83281D131C3C32E0008ECC58 /* libopencv_ml.3.0.0.dylib */; };
		83F698DF1C39A34600B8CC2F /* main.cpp in Sources */ = {isa = PBXBuildFile; fileRef = 83F698DE1C39A34600B8CC2F /* main.cpp */; };
		83F698F01C3AFC1500B8CC2F /* libopencv_core.3.0.0.dylib in Frameworks */ = {isa = PBXBuildFile; fileRef = 83F698ED1C3AFC1500B8CC2F /* libopencv_core.3.0.0.dylib */; };
		83F698F11C3AFC1500B8CC2F /* libopencv_highgui.3.0.0.dylib in Frameworks */ = {isa = PBXBuildFile; fileRef = 83F698EE1C3AFC1500B8CC2F /* libopencv_highgui.3.0.0.dylib */; };
		83F698F21C3AFC1500B8CC2F /* libopencv_imgcodecs.3.0.0.dylib in Frameworks */ = {isa = PBXBuildFile; fileRef = 83F698EF1C3AFC1500B8CC2F /* libopencv_imgcodecs.3.0.0.dylib */; };
		83FA74C71C4021A2005B9E5F /* NetworkSGD.cpp in Sources */ = {isa = PBXBuildFile; fileRef = 83FA74C51C4021A2005B9E5F /* NetworkSGD.cpp */; };
/* End PBXBuildFile section */

/* Begin PBXCopyFilesBuildPhase section */
		83F698D91C39A34600B8CC2F /* CopyFiles */ = {
			isa = PBXCopyFilesBuildPhase;
			buildActionMask = 2147483647;
			dstPath = /usr/share/man/man1/;
			dstSubfolderSpec = 0;
			files = (
			);
			runOnlyForDeploymentPostprocessing = 1;
		};
/* End PBXCopyFilesBuildPhase section */

/* Begin PBXFileReference section */
		83281D131C3C32E0008ECC58 /* libopencv_ml.3.0.0.dylib */ = {isa = PBXFileReference; lastKnownFileType = "compiled.mach-o.dylib"; name = libopencv_ml.3.0.0.dylib; path = ../../../../../usr/local/lib/libopencv_ml.3.0.0.dylib; sourceTree = "<group>"; };
		83F698DB1C39A34600B8CC2F /* DigitCV */ = {isa = PBXFileReference; explicitFileType = "compiled.mach-o.executable"; includeInIndex = 0; path = DigitCV; sourceTree = BUILT_PRODUCTS_DIR; };
		83F698DE1C39A34600B8CC2F /* main.cpp */ = {isa = PBXFileReference; lastKnownFileType = sourcecode.cpp.cpp; path = main.cpp; sourceTree = "<group>"; };
		83F698ED1C3AFC1500B8CC2F /* libopencv_core.3.0.0.dylib */ = {isa = PBXFileReference; lastKnownFileType = "compiled.mach-o.dylib"; name = libopencv_core.3.0.0.dylib; path = ../../../../../usr/local/lib/libopencv_core.3.0.0.dylib; sourceTree = "<group>"; };
		83F698EE1C3AFC1500B8CC2F /* libopencv_highgui.3.0.0.dylib */ = {isa = PBXFileReference; lastKnownFileType = "compiled.mach-o.dylib"; name = libopencv_highgui.3.0.0.dylib; path = ../../../../../usr/local/lib/libopencv_highgui.3.0.0.dylib; sourceTree = "<group>"; };
		83F698EF1C3AFC1500B8CC2F /* libopencv_imgcodecs.3.0.0.dylib */ = {isa = PBXFileReference; lastKnownFileType = "compiled.mach-o.dylib"; name = libopencv_imgcodecs.3.0.0.dylib; path = ../../../../../usr/local/lib/libopencv_imgcodecs.3.0.0.dylib; sourceTree = "<group>"; };
		83FA74C51C4021A2005B9E5F /* NetworkSGD.cpp */ = {isa = PBXFileReference; fileEncoding = 4; lastKnownFileType = sourcecode.cpp.cpp; path = NetworkSGD.cpp; sourceTree = "<group>"; };
		83FA74C61C4021A2005B9E5F /* NetworkSGD.hpp */ = {isa = PBXFileReference; fileEncoding = 4; lastKnownFileType = sourcecode.cpp.h; path = NetworkSGD.hpp; sourceTree = "<group>"; };
/* End PBXFileReference section */

/* Begin PBXFrameworksBuildPhase section */
		83F698D81C39A34600B8CC2F /* Frameworks */ = {
			isa = PBXFrameworksBuildPhase;
			buildActionMask = 2147483647;
			files = (
				83F698F11C3AFC1500B8CC2F /* libopencv_highgui.3.0.0.dylib in Frameworks */,
				83281D141C3C32E0008ECC58 /* libopencv_ml.3.0.0.dylib in Frameworks */,
				83F698F01C3AFC1500B8CC2F /* libopencv_core.3.0.0.dylib in Frameworks */,
				83F698F21C3AFC1500B8CC2F /* libopencv_imgcodecs.3.0.0.dylib in Frameworks */,
			);
			runOnlyForDeploymentPostprocessing = 0;
		};
/* End PBXFrameworksBuildPhase section */

/* Begin PBXGroup section */
		83F698D21C39A34600B8CC2F = {
			isa = PBXGroup;
			children = (
				83281D131C3C32E0008ECC58 /* libopencv_ml.3.0.0.dylib */,
				83F698ED1C3AFC1500B8CC2F /* libopencv_core.3.0.0.dylib */,
				83F698EE1C3AFC1500B8CC2F /* libopencv_highgui.3.0.0.dylib */,
				83F698EF1C3AFC1500B8CC2F /* libopencv_imgcodecs.3.0.0.dylib */,
				83F698DD1C39A34600B8CC2F /* DigitCV */,
				83F698DC1C39A34600B8CC2F /* Products */,
			);
			sourceTree = "<group>";
		};
		83F698DC1C39A34600B8CC2F /* Products */ = {
			isa = PBXGroup;
			children = (
				83F698DB1C39A34600B8CC2F /* DigitCV */,
			);
			name = Products;
			sourceTree = "<group>";
		};
		83F698DD1C39A34600B8CC2F /* DigitCV */ = {
			isa = PBXGroup;
			children = (
				83F698DE1C39A34600B8CC2F /* main.cpp */,
				83FA74C51C4021A2005B9E5F /* NetworkSGD.cpp */,
				83FA74C61C4021A2005B9E5F /* NetworkSGD.hpp */,
			);
			path = DigitCV;
			sourceTree = "<group>";
		};
/* End PBXGroup section */

/* Begin PBXNativeTarget section */
		83F698DA1C39A34600B8CC2F /* DigitCV */ = {
			isa = PBXNativeTarget;
			buildConfigurationList = 83F698E21C39A34600B8CC2F /* Build configuration list for PBXNativeTarget "DigitCV" */;
			buildPhases = (
				83F698D71C39A34600B8CC2F /* Sources */,
				83F698D81C39A34600B8CC2F /* Frameworks */,
				83F698D91C39A34600B8CC2F /* CopyFiles */,
			);
			buildRules = (
			);
			dependencies = (
			);
			name = DigitCV;
			productName = DigitCV;
			productReference = 83F698DB1C39A34600B8CC2F /* DigitCV */;
			productType = "com.apple.product-type.tool";
		};
/* End PBXNativeTarget section */

/* Begin PBXProject section */
		83F698D31C39A34600B8CC2F /* Project object */ = {
			isa = PBXProject;
			attributes = {
				LastUpgradeCheck = 0720;
				ORGANIZATIONNAME = "Pavlo Pidlypenskyi";
				TargetAttributes = {
					83F698DA1C39A34600B8CC2F = {
						CreatedOnToolsVersion = 7.2;
					};
				};
			};
			buildConfigurationList = 83F698D61C39A34600B8CC2F /* Build configuration list for PBXProject "DigitCV" */;
			compatibilityVersion = "Xcode 3.2";
			developmentRegion = English;
			hasScannedForEncodings = 0;
			knownRegions = (
				en,
			);
			mainGroup = 83F698D21C39A34600B8CC2F;
			productRefGroup = 83F698DC1C39A34600B8CC2F /* Products */;
			projectDirPath = "";
			projectRoot = "";
			targets = (
				83F698DA1C39A34600B8CC2F /* DigitCV */,
			);
		};
/* End PBXProject section */

/* Begin PBXSourcesBuildPhase section */
		83F698D71C39A34600B8CC2F /* Sources */ = {
			isa = PBXSourcesBuildPhase;
			buildActionMask = 2147483647;
			files = (
				83F698DF1C39A34600B8CC2F /* main.cpp in Sources */,
				83FA74C71C4021A2005B9E5F /* NetworkSGD.cpp in Sources */,
			);
			runOnlyForDeploymentPostprocessing = 0;
		};
/* End PBXSourcesBuildPhase section */

/* Begin XCBuildConfiguration section */
		83F698E01C39A34600B8CC2F /* Debug */ = {
			isa = XCBuildConfiguration;
			buildSettings = {
				ALWAYS_SEARCH_USER_PATHS = NO;
				CLANG_CXX_LANGUAGE_STANDARD = "gnu++0x";
				CLANG_CXX_LIBRARY = "libc++";
				CLANG_ENABLE_MODULES = YES;
				CLANG_ENABLE_OBJC_ARC = YES;
				CLANG_WARN_BOOL_CONVERSION = YES;
				CLANG_WARN_CONSTANT_CONVERSION = YES;
				CLANG_WARN_DIRECT_OBJC_ISA_USAGE = YES_ERROR;
				CLANG_WARN_EMPTY_BODY = YES;
				CLANG_WARN_ENUM_CONVERSION = YES;
				CLANG_WARN_INT_CONVERSION = YES;
				CLANG_WARN_OBJC_ROOT_CLASS = YES_ERROR;
				CLANG_WARN_UNREACHABLE_CODE = YES;
				CLANG_WARN__DUPLICATE_METHOD_MATCH = YES;
				CODE_SIGN_IDENTITY = "-";
				COPY_PHASE_STRIP = NO;
				DEBUG_INFORMATION_FORMAT = dwarf;
				ENABLE_STRICT_OBJC_MSGSEND = YES;
				ENABLE_TESTABILITY = YES;
				GCC_C_LANGUAGE_STANDARD = gnu99;
				GCC_DYNAMIC_NO_PIC = NO;
				GCC_NO_COMMON_BLOCKS = YES;
				GCC_OPTIMIZATION_LEVEL = 0;
				GCC_PREPROCESSOR_DEFINITIONS = (
					"DEBUG=1",
					"$(inherited)",
				);
				GCC_WARN_64_TO_32_BIT_CONVERSION = YES;
				GCC_WARN_ABOUT_RETURN_TYPE = YES_ERROR;
				GCC_WARN_UNDECLARED_SELECTOR = YES;
				GCC_WARN_UNINITIALIZED_AUTOS = YES_AGGRESSIVE;
				GCC_WARN_UNUSED_FUNCTION = YES;
				GCC_WARN_UNUSED_VARIABLE = YES;
				MACOSX_DEPLOYMENT_TARGET = 10.10;
				MTL_ENABLE_DEBUG_INFO = YES;
				ONLY_ACTIVE_ARCH = YES;
				SDKROOT = macosx;
			};
			name = Debug;
		};
		83F698E11C39A34600B8CC2F /* Release */ = {
			isa = XCBuildConfiguration;
			buildSettings = {
				ALWAYS_SEARCH_USER_PATHS = NO;
				CLANG_CXX_LANGUAGE_STANDARD = "gnu++0x";
				CLANG_CXX_LIBRARY = "libc++";
				CLANG_ENABLE_MODULES = YES;
				CLANG_ENABLE_OBJC_ARC = YES;
				CLANG_WARN_BOOL_CONVERSION = YES;
				CLANG_WARN_CONSTANT_CONVERSION = YES;
				CLANG_WARN_DIRECT_OBJC_ISA_USAGE = YES_ERROR;
				CLANG_WARN_EMPTY_BODY = YES;
				CLANG_WARN_ENUM_CONVERSION = YES;
				CLANG_WARN_INT_CONVERSION = YES;
				CLANG_WARN_OBJC_ROOT_CLASS = YES_ERROR;
				CLANG_WARN_UNREACHABLE_CODE = YES;
				CLANG_WARN__DUPLICATE_METHOD_MATCH = YES;
				CODE_SIGN_IDENTITY = "-";
				COPY_PHASE_STRIP = NO;
				DEBUG_INFORMATION_FORMAT = "dwarf-with-dsym";
				ENABLE_NS_ASSERTIONS = NO;
				ENABLE_STRICT_OBJC_MSGSEND = YES;
				GCC_C_LANGUAGE_STANDARD = gnu99;
				GCC_NO_COMMON_BLOCKS = YES;
				GCC_WARN_64_TO_32_BIT_CONVERSION = YES;
				GCC_WARN_ABOUT_RETURN_TYPE = YES_ERROR;
				GCC_WARN_UNDECLARED_SELECTOR = YES;
				GCC_WARN_UNINITIALIZED_AUTOS = YES_AGGRESSIVE;
				GCC_WARN_UNUSED_FUNCTION = YES;
				GCC_WARN_UNUSED_VARIABLE = YES;
				MACOSX_DEPLOYMENT_TARGET = 10.10;
				MTL_ENABLE_DEBUG_INFO = NO;
				SDKROOT = macosx;
			};
			name = Release;
		};
		83F698E31C39A34600B8CC2F /* Debug */ = {
			isa = XCBuildConfiguration;
			buildSettings = {
				HEADER_SEARCH_PATHS = " /usr/local/include";
				LIBRARY_SEARCH_PATHS = /usr/local/lib;
				MACOSX_DEPLOYMENT_TARGET = 10.10;
				PRODUCT_NAME = "$(TARGET_NAME)";
			};
			name = Debug;
		};
		83F698E41C39A34600B8CC2F /* Release */ = {
			isa = XCBuildConfiguration;
			buildSettings = {
				HEADER_SEARCH_PATHS = " /usr/local/include";
				LIBRARY_SEARCH_PATHS = /usr/local/lib;
				MACOSX_DEPLOYMENT_TARGET = 10.10;
				PRODUCT_NAME = "$(TARGET_NAME)";
			};
			name = Release;
		};
/* End XCBuildConfiguration section */

/* Begin XCConfigurationList section */
		83F698D61C39A34600B8CC2F /* Build configuration list for PBXProject "DigitCV" */ = {
			isa = XCConfigurationList;
			buildConfigurations = (
				83F698E01C39A34600B8CC2F /* Debug */,
				83F698E11C39A34600B8CC2F /* Release */,
			);
			defaultConfigurationIsVisible = 0;
			defaultConfigurationName = Release;
		};
		83F698E21C39A34600B8CC2F /* Build configuration list for PBXNativeTarget "DigitCV" */ = {
			isa = XCConfigurationList;
			buildConfigurations = (
				83F698E31C39A34600B8CC2F /* Debug */,
				83F698E41C39A34600B8CC2F /* Release */,
			);
			defaultConfigurationIsVisible = 0;
			defaultConfigurationName = Release;
		};
/* End XCConfigurationList section */
	};
	rootObject = 83F698D31C39A34600B8CC2F /* Project object */;
}
